
Microsoft Visual Studio Solution File, Format Version 12.00
# Visual Studio Version 17
VisualStudioVersion = 17.6.33829.357
MinimumVisualStudioVersion = 10.0.40219.1
Project("{FAE04EC0-301F-11D3-BF4B-00C04F79EFBC}") = "GuestBookingSystem", "GuestBookingSystem\GuestBookingSystem.csproj", "{FF1B21E1-6247-4DFF-A1C4-330CBA677209}"
EndProject
Global
	GlobalSection(SolutionConfigurationPlatforms) = preSolution
		Debug|Any CPU = Debug|Any CPU
		Release|Any CPU = Release|Any CPU
	EndGlobalSection
	GlobalSection(ProjectConfigurationPlatforms) = postSolution
		{FF1B21E1-6247-4DFF-A1C4-330CBA677209}.Debug|Any CPU.ActiveCfg = Debug|Any CPU
		{FF1B21E1-6247-4DFF-A1C4-330CBA677209}.Debug|Any CPU.Build.0 = Debug|Any CPU
		{FF1B21E1-6247-4DFF-A1C4-330CBA677209}.Release|Any CPU.ActiveCfg = Release|Any CPU
		{FF1B21E1-6247-4DFF-A1C4-330CBA677209}.Release|Any CPU.Build.0 = Release|Any CPU
	EndGlobalSection
	GlobalSection(SolutionProperties) = preSolution
		HideSolutionNode = FALSE
	EndGlobalSection
	GlobalSection(ExtensibilityGlobals) = postSolution
		SolutionGuid = {D7B9FA62-5485-4669-A510-59F4E14F4139}
	EndGlobalSection
EndGlobal
